
Microsoft Visual Studio Solution File, Format Version 12.00
# Visual Studio Version 16
VisualStudioVersion = 16.0.31911.196
MinimumVisualStudioVersion = 10.0.40219.1
Project("{FAE04EC0-301F-11D3-BF4B-00C04F79EFBC}") = "WebApplicationrRecolte", "WebApplicationrRecolte\WebApplicationrRecolte.csproj", "{15487A86-170F-4AC4-B616-07F894108F4D}"
EndProject
Global
	GlobalSection(SolutionConfigurationPlatforms) = preSolution
		Debug|Any CPU = Debug|Any CPU
		Release|Any CPU = Release|Any CPU
	EndGlobalSection
	GlobalSection(ProjectConfigurationPlatforms) = postSolution
		{15487A86-170F-4AC4-B616-07F894108F4D}.Debug|Any CPU.ActiveCfg = Debug|Any CPU
		{15487A86-170F-4AC4-B616-07F894108F4D}.Debug|Any CPU.Build.0 = Debug|Any CPU
		{15487A86-170F-4AC4-B616-07F894108F4D}.Release|Any CPU.ActiveCfg = Release|Any CPU
		{15487A86-170F-4AC4-B616-07F894108F4D}.Release|Any CPU.Build.0 = Release|Any CPU
	EndGlobalSection
	GlobalSection(SolutionProperties) = preSolution
		HideSolutionNode = FALSE
	EndGlobalSection
	GlobalSection(ExtensibilityGlobals) = postSolution
		SolutionGuid = {76F95965-4422-4621-97E2-C458BF5DE4CB}
	EndGlobalSection
EndGlobal
